
Microsoft Visual Studio Solution File, Format Version 12.00
# Visual Studio 15
VisualStudioVersion = 15.0.28307.779
MinimumVisualStudioVersion = 10.0.40219.1
Project("{FAE04EC0-301F-11D3-BF4B-00C04F79EFBC}") = "FamilyReunion", "FamilyReunion.cs\FamilyReunion.csproj", "{6A109C90-453A-4032-8C59-DF79AE1A1B97}"
EndProject
Project("{FAE04EC0-301F-11D3-BF4B-00C04F79EFBC}") = "GameLibrary", "GameLibrary.cs\GameLibrary.csproj", "{CCFE173C-3DEB-409E-B616-E452C2D977B5}"
EndProject
Global
	GlobalSection(SolutionConfigurationPlatforms) = preSolution
		Debug|Any CPU = Debug|Any CPU
		Release|Any CPU = Release|Any CPU
	EndGlobalSection
	GlobalSection(ProjectConfigurationPlatforms) = postSolution
		{6A109C90-453A-4032-8C59-DF79AE1A1B97}.Debug|Any CPU.ActiveCfg = Debug|Any CPU
		{6A109C90-453A-4032-8C59-DF79AE1A1B97}.Debug|Any CPU.Build.0 = Debug|Any CPU
		{6A109C90-453A-4032-8C59-DF79AE1A1B97}.Release|Any CPU.ActiveCfg = Release|Any CPU
		{6A109C90-453A-4032-8C59-DF79AE1A1B97}.Release|Any CPU.Build.0 = Release|Any CPU
		{CCFE173C-3DEB-409E-B616-E452C2D977B5}.Debug|Any CPU.ActiveCfg = Debug|Any CPU
		{CCFE173C-3DEB-409E-B616-E452C2D977B5}.Debug|Any CPU.Build.0 = Debug|Any CPU
		{CCFE173C-3DEB-409E-B616-E452C2D977B5}.Release|Any CPU.ActiveCfg = Release|Any CPU
		{CCFE173C-3DEB-409E-B616-E452C2D977B5}.Release|Any CPU.Build.0 = Release|Any CPU
	EndGlobalSection
	GlobalSection(SolutionProperties) = preSolution
		HideSolutionNode = FALSE
	EndGlobalSection
	GlobalSection(ExtensibilityGlobals) = postSolution
		SolutionGuid = {D71146F4-9479-44E3-BEE3-658055BD3146}
	EndGlobalSection
EndGlobal
